{
  "requires": true,
  "lockfileVersion": 1,
  "dependencies": {
    "react-csv-to-table": {
      "version": "0.0.4",
      "resolved": "https://registry.npmjs.org/react-csv-to-table/-/react-csv-to-table-0.0.4.tgz",
      "integrity": "sha512-YHdhavi7WgksHn3/S/pIHDy4zepeYjTQkTfmKcQv976OwNSWIUB7RlYJKmCFXAgfqkbiCNbtEIHnX1n3/rTfJA=="
    }
  }
}
